// !$*UTF8*$!
{
	archiveVersion = 1;
	classes = {
	};
	objectVersion = 55;
	objects = {

/* Begin PBXBuildFile section */
		3D5DA9A427ED62EA00FF7507 /* OnboardingViewController.swift in Sources */ = {isa = PBXBuildFile; fileRef = 3D5DA9A327ED62EA00FF7507 /* OnboardingViewController.swift */; };
		3D787F8727F0D74D002E3811 /* AccountSummaryCell.swift in Sources */ = {isa = PBXBuildFile; fileRef = 3D787F8627F0D74D002E3811 /* AccountSummaryCell.swift */; };
		3D787F8927F148D0002E3811 /* Decimal+Utils.swift in Sources */ = {isa = PBXBuildFile; fileRef = 3D787F8827F148D0002E3811 /* Decimal+Utils.swift */; };
		3D787F8B27F14969002E3811 /* CurrencyFormatter.swift in Sources */ = {isa = PBXBuildFile; fileRef = 3D787F8A27F14969002E3811 /* CurrencyFormatter.swift */; };
		3D90C6F927EF7DA70088B92B /* DummyViewController.swift in Sources */ = {isa = PBXBuildFile; fileRef = 3D90C6F827EF7DA70088B92B /* DummyViewController.swift */; };
		3D90C6FC27EF88A40088B92B /* LocalState.swift in Sources */ = {isa = PBXBuildFile; fileRef = 3D90C6FB27EF88A40088B92B /* LocalState.swift */; };
		3D90C6FE27EF940F0088B92B /* UIViewController+Utils.swift in Sources */ = {isa = PBXBuildFile; fileRef = 3D90C6FD27EF940F0088B92B /* UIViewController+Utils.swift */; };
		3D90C70027EF9A6C0088B92B /* MainViewController.swift in Sources */ = {isa = PBXBuildFile; fileRef = 3D90C6FF27EF9A6C0088B92B /* MainViewController.swift */; };
		3D90C70A27EFB1020088B92B /* AccountSummaryViewController.swift in Sources */ = {isa = PBXBuildFile; fileRef = 3D90C70927EFB1020088B92B /* AccountSummaryViewController.swift */; };
		3D90C70C27EFB46F0088B92B /* AccountSummaryTableHeader.swift in Sources */ = {isa = PBXBuildFile; fileRef = 3D90C70B27EFB46F0088B92B /* AccountSummaryTableHeader.swift */; };
		3DA2136228033EC800E81974 /* Date+Utils.swift in Sources */ = {isa = PBXBuildFile; fileRef = 3DA2136128033EC800E81974 /* Date+Utils.swift */; };
		3DA213642803406C00E81974 /* AccountSummaryViewController+Networking.swift in Sources */ = {isa = PBXBuildFile; fileRef = 3DA213632803406C00E81974 /* AccountSummaryViewController+Networking.swift */; };
		3DA213682803701E00E81974 /* ProfileTests.swift in Sources */ = {isa = PBXBuildFile; fileRef = 3DA213672803701E00E81974 /* ProfileTests.swift */; };
		3DA2136A280371EB00E81974 /* AccountTests.swift in Sources */ = {isa = PBXBuildFile; fileRef = 3DA21369280371EB00E81974 /* AccountTests.swift */; };
		3DA2136E28038C4600E81974 /* SkeletonLoadable.swift in Sources */ = {isa = PBXBuildFile; fileRef = 3DA2136D28038C4600E81974 /* SkeletonLoadable.swift */; };
		3DA2137028038DBF00E81974 /* SkeletonCell.swift in Sources */ = {isa = PBXBuildFile; fileRef = 3DA2136F28038DBF00E81974 /* SkeletonCell.swift */; };
		3DCB70D727E7D5CE007733F0 /* AppDelegate.swift in Sources */ = {isa = PBXBuildFile; fileRef = 3DCB70D627E7D5CE007733F0 /* AppDelegate.swift */; };
		3DCB70DB27E7D5CE007733F0 /* LoginViewController.swift in Sources */ = {isa = PBXBuildFile; fileRef = 3DCB70DA27E7D5CE007733F0 /* LoginViewController.swift */; };
		3DCB70E027E7D5CF007733F0 /* Assets.xcassets in Resources */ = {isa = PBXBuildFile; fileRef = 3DCB70DF27E7D5CF007733F0 /* Assets.xcassets */; };
		3DCB70E327E7D5CF007733F0 /* LaunchScreen.storyboard in Resources */ = {isa = PBXBuildFile; fileRef = 3DCB70E127E7D5CF007733F0 /* LaunchScreen.storyboard */; };
		3DCB70EE27E7DD9D007733F0 /* LoginView.swift in Sources */ = {isa = PBXBuildFile; fileRef = 3DCB70ED27E7DD9D007733F0 /* LoginView.swift */; };
		3DCC31F827F1E3FB00741653 /* CurrencyFormatterTests.swift in Sources */ = {isa = PBXBuildFile; fileRef = 3DCC31F727F1E3FB00741653 /* CurrencyFormatterTests.swift */; };
		3DCC31FA27F1FF9F00741653 /* NSNotificationName.swift in Sources */ = {isa = PBXBuildFile; fileRef = 3DCC31F927F1FF9F00741653 /* NSNotificationName.swift */; };
		3DCC31FC27F2032600741653 /* UITextField+SecureToggle.swift in Sources */ = {isa = PBXBuildFile; fileRef = 3DCC31FB27F2032600741653 /* UITextField+SecureToggle.swift */; };
		3DD0732F2804EA1500D5AC19 /* ProfileManager.swift in Sources */ = {isa = PBXBuildFile; fileRef = 3DD0732E2804EA1500D5AC19 /* ProfileManager.swift */; };
		3DD073312804EC1000D5AC19 /* AccountSummaryViewControllerTests.swift in Sources */ = {isa = PBXBuildFile; fileRef = 3DD073302804EC1000D5AC19 /* AccountSummaryViewControllerTests.swift */; };
		3DE2301227EC01A400CAB753 /* OnboardingContainerViewController.swift in Sources */ = {isa = PBXBuildFile; fileRef = 3DE2301127EC01A400CAB753 /* OnboardingContainerViewController.swift */; };
		3DF1745D27F3F34E005B6CB7 /* ShakeBellView.swift in Sources */ = {isa = PBXBuildFile; fileRef = 3DF1745C27F3F34E005B6CB7 /* ShakeBellView.swift */; };
/* End PBXBuildFile section */

/* Begin PBXContainerItemProxy section */
		3DCC31F227F1E34300741653 /* PBXContainerItemProxy */ = {
			isa = PBXContainerItemProxy;
			containerPortal = 3DCB70CB27E7D5CE007733F0 /* Project object */;
			proxyType = 1;
			remoteGlobalIDString = 3DCB70D227E7D5CE007733F0;
			remoteInfo = bankey;
		};
/* End PBXContainerItemProxy section */

/* Begin PBXFileReference section */
		3D5DA9A327ED62EA00FF7507 /* OnboardingViewController.swift */ = {isa = PBXFileReference; lastKnownFileType = sourcecode.swift; path = OnboardingViewController.swift; sourceTree = "<group>"; };
		3D787F8627F0D74D002E3811 /* AccountSummaryCell.swift */ = {isa = PBXFileReference; lastKnownFileType = sourcecode.swift; path = AccountSummaryCell.swift; sourceTree = "<group>"; };
		3D787F8827F148D0002E3811 /* Decimal+Utils.swift */ = {isa = PBXFileReference; lastKnownFileType = sourcecode.swift; path = "Decimal+Utils.swift"; sourceTree = "<group>"; };
		3D787F8A27F14969002E3811 /* CurrencyFormatter.swift */ = {isa = PBXFileReference; lastKnownFileType = sourcecode.swift; path = CurrencyFormatter.swift; sourceTree = "<group>"; };
		3D90C6F827EF7DA70088B92B /* DummyViewController.swift */ = {isa = PBXFileReference; lastKnownFileType = sourcecode.swift; path = DummyViewController.swift; sourceTree = "<group>"; };
		3D90C6FB27EF88A40088B92B /* LocalState.swift */ = {isa = PBXFileReference; lastKnownFileType = sourcecode.swift; path = LocalState.swift; sourceTree = "<group>"; };
		3D90C6FD27EF940F0088B92B /* UIViewController+Utils.swift */ = {isa = PBXFileReference; lastKnownFileType = sourcecode.swift; path = "UIViewController+Utils.swift"; sourceTree = "<group>"; };
		3D90C6FF27EF9A6C0088B92B /* MainViewController.swift */ = {isa = PBXFileReference; lastKnownFileType = sourcecode.swift; path = MainViewController.swift; sourceTree = "<group>"; };
		3D90C70927EFB1020088B92B /* AccountSummaryViewController.swift */ = {isa = PBXFileReference; lastKnownFileType = sourcecode.swift; path = AccountSummaryViewController.swift; sourceTree = "<group>"; };
		3D90C70B27EFB46F0088B92B /* AccountSummaryTableHeader.swift */ = {isa = PBXFileReference; lastKnownFileType = sourcecode.swift; path = AccountSummaryTableHeader.swift; sourceTree = "<group>"; };
		3DA2136128033EC800E81974 /* Date+Utils.swift */ = {isa = PBXFileReference; lastKnownFileType = sourcecode.swift; path = "Date+Utils.swift"; sourceTree = "<group>"; };
		3DA213632803406C00E81974 /* AccountSummaryViewController+Networking.swift */ = {isa = PBXFileReference; lastKnownFileType = sourcecode.swift; path = "AccountSummaryViewController+Networking.swift"; sourceTree = "<group>"; };
		3DA213672803701E00E81974 /* ProfileTests.swift */ = {isa = PBXFileReference; lastKnownFileType = sourcecode.swift; path = ProfileTests.swift; sourceTree = "<group>"; };
		3DA21369280371EB00E81974 /* AccountTests.swift */ = {isa = PBXFileReference; lastKnownFileType = sourcecode.swift; path = AccountTests.swift; sourceTree = "<group>"; };
		3DA2136D28038C4600E81974 /* SkeletonLoadable.swift */ = {isa = PBXFileReference; lastKnownFileType = sourcecode.swift; path = SkeletonLoadable.swift; sourceTree = "<group>"; };
		3DA2136F28038DBF00E81974 /* SkeletonCell.swift */ = {isa = PBXFileReference; lastKnownFileType = sourcecode.swift; path = SkeletonCell.swift; sourceTree = "<group>"; };
		3DCB70D327E7D5CE007733F0 /* bankey.app */ = {isa = PBXFileReference; explicitFileType = wrapper.application; includeInIndex = 0; path = bankey.app; sourceTree = BUILT_PRODUCTS_DIR; };
		3DCB70D627E7D5CE007733F0 /* AppDelegate.swift */ = {isa = PBXFileReference; lastKnownFileType = sourcecode.swift; path = AppDelegate.swift; sourceTree = "<group>"; };
		3DCB70DA27E7D5CE007733F0 /* LoginViewController.swift */ = {isa = PBXFileReference; lastKnownFileType = sourcecode.swift; path = LoginViewController.swift; sourceTree = "<group>"; };
		3DCB70DF27E7D5CF007733F0 /* Assets.xcassets */ = {isa = PBXFileReference; lastKnownFileType = folder.assetcatalog; path = Assets.xcassets; sourceTree = "<group>"; };
		3DCB70E227E7D5CF007733F0 /* Base */ = {isa = PBXFileReference; lastKnownFileType = file.storyboard; name = Base; path = Base.lproj/LaunchScreen.storyboard; sourceTree = "<group>"; };
		3DCB70E427E7D5CF007733F0 /* Info.plist */ = {isa = PBXFileReference; lastKnownFileType = text.plist.xml; path = Info.plist; sourceTree = "<group>"; };
		3DCB70ED27E7DD9D007733F0 /* LoginView.swift */ = {isa = PBXFileReference; lastKnownFileType = sourcecode.swift; path = LoginView.swift; sourceTree = "<group>"; };
		3DCC31EE27F1E34300741653 /* bankeyUnitTests.xctest */ = {isa = PBXFileReference; explicitFileType = wrapper.cfbundle; includeInIndex = 0; path = bankeyUnitTests.xctest; sourceTree = BUILT_PRODUCTS_DIR; };
		3DCC31F727F1E3FB00741653 /* CurrencyFormatterTests.swift */ = {isa = PBXFileReference; lastKnownFileType = sourcecode.swift; path = CurrencyFormatterTests.swift; sourceTree = "<group>"; };
		3DCC31F927F1FF9F00741653 /* NSNotificationName.swift */ = {isa = PBXFileReference; lastKnownFileType = sourcecode.swift; path = NSNotificationName.swift; sourceTree = "<group>"; };
		3DCC31FB27F2032600741653 /* UITextField+SecureToggle.swift */ = {isa = PBXFileReference; lastKnownFileType = sourcecode.swift; path = "UITextField+SecureToggle.swift"; sourceTree = "<group>"; };
		3DD0732E2804EA1500D5AC19 /* ProfileManager.swift */ = {isa = PBXFileReference; lastKnownFileType = sourcecode.swift; path = ProfileManager.swift; sourceTree = "<group>"; };
		3DD073302804EC1000D5AC19 /* AccountSummaryViewControllerTests.swift */ = {isa = PBXFileReference; lastKnownFileType = sourcecode.swift; path = AccountSummaryViewControllerTests.swift; sourceTree = "<group>"; };
		3DE2301127EC01A400CAB753 /* OnboardingContainerViewController.swift */ = {isa = PBXFileReference; lastKnownFileType = sourcecode.swift; path = OnboardingContainerViewController.swift; sourceTree = "<group>"; };
		3DF1745C27F3F34E005B6CB7 /* ShakeBellView.swift */ = {isa = PBXFileReference; lastKnownFileType = sourcecode.swift; path = ShakeBellView.swift; sourceTree = "<group>"; };
/* End PBXFileReference section */

/* Begin PBXFrameworksBuildPhase section */
		3DCB70D027E7D5CE007733F0 /* Frameworks */ = {
			isa = PBXFrameworksBuildPhase;
			buildActionMask = 2147483647;
			files = (
			);
			runOnlyForDeploymentPostprocessing = 0;
		};
		3DCC31EB27F1E34300741653 /* Frameworks */ = {
			isa = PBXFrameworksBuildPhase;
			buildActionMask = 2147483647;
			files = (
			);
			runOnlyForDeploymentPostprocessing = 0;
		};
/* End PBXFrameworksBuildPhase section */

/* Begin PBXGroup section */
		3D90C6FA27EF888D0088B92B /* Utils */ = {
			isa = PBXGroup;
			children = (
				3D90C6FB27EF88A40088B92B /* LocalState.swift */,
				3D90C6FD27EF940F0088B92B /* UIViewController+Utils.swift */,
				3D787F8827F148D0002E3811 /* Decimal+Utils.swift */,
				3DCC31FB27F2032600741653 /* UITextField+SecureToggle.swift */,
				3D787F8A27F14969002E3811 /* CurrencyFormatter.swift */,
				3DCC31F927F1FF9F00741653 /* NSNotificationName.swift */,
				3DA2136128033EC800E81974 /* Date+Utils.swift */,
			);
			path = Utils;
			sourceTree = "<group>";
		};
		3D90C70727EFB0DD0088B92B /* AccountSummary */ = {
			isa = PBXGroup;
			children = (
				3DD0732D2804E9FB00D5AC19 /* Network */,
				3D90C70927EFB1020088B92B /* AccountSummaryViewController.swift */,
				3DA213632803406C00E81974 /* AccountSummaryViewController+Networking.swift */,
				3DA2136B28038C1D00E81974 /* Header */,
				3DA2136C28038C2600E81974 /* Cells */,
			);
			path = AccountSummary;
			sourceTree = "<group>";
		};
		3DA2136528036FF400E81974 /* Util */ = {
			isa = PBXGroup;
			children = (
				3DCC31F727F1E3FB00741653 /* CurrencyFormatterTests.swift */,
			);
			path = Util;
			sourceTree = "<group>";
		};
		3DA2136628036FFF00E81974 /* AccountSummary */ = {
			isa = PBXGroup;
			children = (
				3DA213672803701E00E81974 /* ProfileTests.swift */,
				3DA21369280371EB00E81974 /* AccountTests.swift */,
				3DD073302804EC1000D5AC19 /* AccountSummaryViewControllerTests.swift */,
			);
			path = AccountSummary;
			sourceTree = "<group>";
		};
		3DA2136B28038C1D00E81974 /* Header */ = {
			isa = PBXGroup;
			children = (
				3D90C70B27EFB46F0088B92B /* AccountSummaryTableHeader.swift */,
			);
			path = Header;
			sourceTree = "<group>";
		};
		3DA2136C28038C2600E81974 /* Cells */ = {
			isa = PBXGroup;
			children = (
				3D787F8627F0D74D002E3811 /* AccountSummaryCell.swift */,
				3DA2136D28038C4600E81974 /* SkeletonLoadable.swift */,
				3DA2136F28038DBF00E81974 /* SkeletonCell.swift */,
			);
			path = Cells;
			sourceTree = "<group>";
		};
		3DCB70CA27E7D5CE007733F0 = {
			isa = PBXGroup;
			children = (
				3DCB70D527E7D5CE007733F0 /* bankey */,
				3DCC31EF27F1E34300741653 /* bankeyUnitTests */,
				3DCB70D427E7D5CE007733F0 /* Products */,
			);
			sourceTree = "<group>";
		};
		3DCB70D427E7D5CE007733F0 /* Products */ = {
			isa = PBXGroup;
			children = (
				3DCB70D327E7D5CE007733F0 /* bankey.app */,
				3DCC31EE27F1E34300741653 /* bankeyUnitTests.xctest */,
			);
			name = Products;
			sourceTree = "<group>";
		};
		3DCB70D527E7D5CE007733F0 /* bankey */ = {
			isa = PBXGroup;
			children = (
				3DCB70D627E7D5CE007733F0 /* AppDelegate.swift */,
				3D90C6FF27EF9A6C0088B92B /* MainViewController.swift */,
				3DCB70EC27E7DD32007733F0 /* Login */,
				3DE2301027EC016700CAB753 /* Onboarding */,
				3D90C70727EFB0DD0088B92B /* AccountSummary */,
				3DCB70EA27E7DCB0007733F0 /* Files */,
				3D90C6FA27EF888D0088B92B /* Utils */,
				3DF1745B27F3F326005B6CB7 /* Components */,
			);
			path = bankey;
			sourceTree = "<group>";
		};
		3DCB70EA27E7DCB0007733F0 /* Files */ = {
			isa = PBXGroup;
			children = (
				3DCB70DF27E7D5CF007733F0 /* Assets.xcassets */,
				3DCB70E127E7D5CF007733F0 /* LaunchScreen.storyboard */,
				3DCB70E427E7D5CF007733F0 /* Info.plist */,
			);
			name = Files;
			sourceTree = "<group>";
		};
		3DCB70EC27E7DD32007733F0 /* Login */ = {
			isa = PBXGroup;
			children = (
				3DCB70DA27E7D5CE007733F0 /* LoginViewController.swift */,
				3DCB70ED27E7DD9D007733F0 /* LoginView.swift */,
				3D90C6F827EF7DA70088B92B /* DummyViewController.swift */,
			);
			path = Login;
			sourceTree = "<group>";
		};
		3DCC31EF27F1E34300741653 /* bankeyUnitTests */ = {
			isa = PBXGroup;
			children = (
				3DA2136628036FFF00E81974 /* AccountSummary */,
				3DA2136528036FF400E81974 /* Util */,
			);
			path = bankeyUnitTests;
			sourceTree = "<group>";
		};
		3DD0732D2804E9FB00D5AC19 /* Network */ = {
			isa = PBXGroup;
			children = (
				3DD0732E2804EA1500D5AC19 /* ProfileManager.swift */,
			);
			path = Network;
			sourceTree = "<group>";
		};
		3DE2301027EC016700CAB753 /* Onboarding */ = {
			isa = PBXGroup;
			children = (
				3DE2301127EC01A400CAB753 /* OnboardingContainerViewController.swift */,
				3D5DA9A327ED62EA00FF7507 /* OnboardingViewController.swift */,
			);
			path = Onboarding;
			sourceTree = "<group>";
		};
		3DF1745B27F3F326005B6CB7 /* Components */ = {
			isa = PBXGroup;
			children = (
				3DF1745C27F3F34E005B6CB7 /* ShakeBellView.swift */,
			);
			path = Components;
			sourceTree = "<group>";
		};
/* End PBXGroup section */

/* Begin PBXNativeTarget section */
		3DCB70D227E7D5CE007733F0 /* bankey */ = {
			isa = PBXNativeTarget;
			buildConfigurationList = 3DCB70E727E7D5CF007733F0 /* Build configuration list for PBXNativeTarget "bankey" */;
			buildPhases = (
				3DCB70CF27E7D5CE007733F0 /* Sources */,
				3DCB70D027E7D5CE007733F0 /* Frameworks */,
				3DCB70D127E7D5CE007733F0 /* Resources */,
			);
			buildRules = (
			);
			dependencies = (
			);
			name = bankey;
			productName = bankey;
			productReference = 3DCB70D327E7D5CE007733F0 /* bankey.app */;
			productType = "com.apple.product-type.application";
		};
		3DCC31ED27F1E34300741653 /* bankeyUnitTests */ = {
			isa = PBXNativeTarget;
			buildConfigurationList = 3DCC31F627F1E34300741653 /* Build configuration list for PBXNativeTarget "bankeyUnitTests" */;
			buildPhases = (
				3DCC31EA27F1E34300741653 /* Sources */,
				3DCC31EB27F1E34300741653 /* Frameworks */,
				3DCC31EC27F1E34300741653 /* Resources */,
			);
			buildRules = (
			);
			dependencies = (
				3DCC31F327F1E34300741653 /* PBXTargetDependency */,
			);
			name = bankeyUnitTests;
			productName = bankeyUnitTests;
			productReference = 3DCC31EE27F1E34300741653 /* bankeyUnitTests.xctest */;
			productType = "com.apple.product-type.bundle.unit-test";
		};
/* End PBXNativeTarget section */

/* Begin PBXProject section */
		3DCB70CB27E7D5CE007733F0 /* Project object */ = {
			isa = PBXProject;
			attributes = {
				BuildIndependentTargetsInParallel = 1;
				LastSwiftUpdateCheck = 1330;
				LastUpgradeCheck = 1330;
				TargetAttributes = {
					3DCB70D227E7D5CE007733F0 = {
						CreatedOnToolsVersion = 13.3;
					};
					3DCC31ED27F1E34300741653 = {
						CreatedOnToolsVersion = 13.3;
						LastSwiftMigration = 1330;
						TestTargetID = 3DCB70D227E7D5CE007733F0;
					};
				};
			};
			buildConfigurationList = 3DCB70CE27E7D5CE007733F0 /* Build configuration list for PBXProject "bankey" */;
			compatibilityVersion = "Xcode 13.0";
			developmentRegion = en;
			hasScannedForEncodings = 0;
			knownRegions = (
				en,
				Base,
			);
			mainGroup = 3DCB70CA27E7D5CE007733F0;
			productRefGroup = 3DCB70D427E7D5CE007733F0 /* Products */;
			projectDirPath = "";
			projectRoot = "";
			targets = (
				3DCB70D227E7D5CE007733F0 /* bankey */,
				3DCC31ED27F1E34300741653 /* bankeyUnitTests */,
			);
		};
/* End PBXProject section */

/* Begin PBXResourcesBuildPhase section */
		3DCB70D127E7D5CE007733F0 /* Resources */ = {
			isa = PBXResourcesBuildPhase;
			buildActionMask = 2147483647;
			files = (
				3DCB70E327E7D5CF007733F0 /* LaunchScreen.storyboard in Resources */,
				3DCB70E027E7D5CF007733F0 /* Assets.xcassets in Resources */,
			);
			runOnlyForDeploymentPostprocessing = 0;
		};
		3DCC31EC27F1E34300741653 /* Resources */ = {
			isa = PBXResourcesBuildPhase;
			buildActionMask = 2147483647;
			files = (
			);
			runOnlyForDeploymentPostprocessing = 0;
		};
/* End PBXResourcesBuildPhase section */

/* Begin PBXSourcesBuildPhase section */
		3DCB70CF27E7D5CE007733F0 /* Sources */ = {
			isa = PBXSourcesBuildPhase;
			buildActionMask = 2147483647;
			files = (
				3D90C6FE27EF940F0088B92B /* UIViewController+Utils.swift in Sources */,
				3DA2137028038DBF00E81974 /* SkeletonCell.swift in Sources */,
				3DA2136228033EC800E81974 /* Date+Utils.swift in Sources */,
				3DD0732F2804EA1500D5AC19 /* ProfileManager.swift in Sources */,
				3DCB70EE27E7DD9D007733F0 /* LoginView.swift in Sources */,
				3D90C6FC27EF88A40088B92B /* LocalState.swift in Sources */,
				3D90C6F927EF7DA70088B92B /* DummyViewController.swift in Sources */,
				3DCC31FC27F2032600741653 /* UITextField+SecureToggle.swift in Sources */,
				3DCB70DB27E7D5CE007733F0 /* LoginViewController.swift in Sources */,
				3D787F8B27F14969002E3811 /* CurrencyFormatter.swift in Sources */,
				3DF1745D27F3F34E005B6CB7 /* ShakeBellView.swift in Sources */,
				3D5DA9A427ED62EA00FF7507 /* OnboardingViewController.swift in Sources */,
				3DCC31FA27F1FF9F00741653 /* NSNotificationName.swift in Sources */,
				3D787F8727F0D74D002E3811 /* AccountSummaryCell.swift in Sources */,
				3D90C70027EF9A6C0088B92B /* MainViewController.swift in Sources */,
				3D90C70A27EFB1020088B92B /* AccountSummaryViewController.swift in Sources */,
				3DCB70D727E7D5CE007733F0 /* AppDelegate.swift in Sources */,
				3DE2301227EC01A400CAB753 /* OnboardingContainerViewController.swift in Sources */,
				3D787F8927F148D0002E3811 /* Decimal+Utils.swift in Sources */,
				3D90C70C27EFB46F0088B92B /* AccountSummaryTableHeader.swift in Sources */,
				3DA2136E28038C4600E81974 /* SkeletonLoadable.swift in Sources */,
				3DA213642803406C00E81974 /* AccountSummaryViewController+Networking.swift in Sources */,
			);
			runOnlyForDeploymentPostprocessing = 0;
		};
		3DCC31EA27F1E34300741653 /* Sources */ = {
			isa = PBXSourcesBuildPhase;
			buildActionMask = 2147483647;
			files = (
				3DCC31F827F1E3FB00741653 /* CurrencyFormatterTests.swift in Sources */,
				3DA2136A280371EB00E81974 /* AccountTests.swift in Sources */,
				3DA213682803701E00E81974 /* ProfileTests.swift in Sources */,
				3DD073312804EC1000D5AC19 /* AccountSummaryViewControllerTests.swift in Sources */,
			);
			runOnlyForDeploymentPostprocessing = 0;
		};
/* End PBXSourcesBuildPhase section */

/* Begin PBXTargetDependency section */
		3DCC31F327F1E34300741653 /* PBXTargetDependency */ = {
			isa = PBXTargetDependency;
			target = 3DCB70D227E7D5CE007733F0 /* bankey */;
			targetProxy = 3DCC31F227F1E34300741653 /* PBXContainerItemProxy */;
		};
/* End PBXTargetDependency section */

/* Begin PBXVariantGroup section */
		3DCB70E127E7D5CF007733F0 /* LaunchScreen.storyboard */ = {
			isa = PBXVariantGroup;
			children = (
				3DCB70E227E7D5CF007733F0 /* Base */,
			);
			name = LaunchScreen.storyboard;
			sourceTree = "<group>";
		};
/* End PBXVariantGroup section */

/* Begin XCBuildConfiguration section */
		3DCB70E527E7D5CF007733F0 /* Debug */ = {
			isa = XCBuildConfiguration;
			buildSettings = {
				ALWAYS_SEARCH_USER_PATHS = NO;
				CLANG_ANALYZER_NONNULL = YES;
				CLANG_ANALYZER_NUMBER_OBJECT_CONVERSION = YES_AGGRESSIVE;
				CLANG_CXX_LANGUAGE_STANDARD = "gnu++17";
				CLANG_ENABLE_MODULES = YES;
				CLANG_ENABLE_OBJC_ARC = YES;
				CLANG_ENABLE_OBJC_WEAK = YES;
				CLANG_WARN_BLOCK_CAPTURE_AUTORELEASING = YES;
				CLANG_WARN_BOOL_CONVERSION = YES;
				CLANG_WARN_COMMA = YES;
				CLANG_WARN_CONSTANT_CONVERSION = YES;
				CLANG_WARN_DEPRECATED_OBJC_IMPLEMENTATIONS = YES;
				CLANG_WARN_DIRECT_OBJC_ISA_USAGE = YES_ERROR;
				CLANG_WARN_DOCUMENTATION_COMMENTS = YES;
				CLANG_WARN_EMPTY_BODY = YES;
				CLANG_WARN_ENUM_CONVERSION = YES;
				CLANG_WARN_INFINITE_RECURSION = YES;
				CLANG_WARN_INT_CONVERSION = YES;
				CLANG_WARN_NON_LITERAL_NULL_CONVERSION = YES;
				CLANG_WARN_OBJC_IMPLICIT_RETAIN_SELF = YES;
				CLANG_WARN_OBJC_LITERAL_CONVERSION = YES;
				CLANG_WARN_OBJC_ROOT_CLASS = YES_ERROR;
				CLANG_WARN_QUOTED_INCLUDE_IN_FRAMEWORK_HEADER = YES;
				CLANG_WARN_RANGE_LOOP_ANALYSIS = YES;
				CLANG_WARN_STRICT_PROTOTYPES = YES;
				CLANG_WARN_SUSPICIOUS_MOVE = YES;
				CLANG_WARN_UNGUARDED_AVAILABILITY = YES_AGGRESSIVE;
				CLANG_WARN_UNREACHABLE_CODE = YES;
				CLANG_WARN__DUPLICATE_METHOD_MATCH = YES;
				COPY_PHASE_STRIP = NO;
				DEBUG_INFORMATION_FORMAT = dwarf;
				ENABLE_STRICT_OBJC_MSGSEND = YES;
				ENABLE_TESTABILITY = YES;
				GCC_C_LANGUAGE_STANDARD = gnu11;
				GCC_DYNAMIC_NO_PIC = NO;
				GCC_NO_COMMON_BLOCKS = YES;
				GCC_OPTIMIZATION_LEVEL = 0;
				GCC_PREPROCESSOR_DEFINITIONS = (
					"DEBUG=1",
					"$(inherited)",
				);
				GCC_WARN_64_TO_32_BIT_CONVERSION = YES;
				GCC_WARN_ABOUT_RETURN_TYPE = YES_ERROR;
				GCC_WARN_UNDECLARED_SELECTOR = YES;
				GCC_WARN_UNINITIALIZED_AUTOS = YES_AGGRESSIVE;
				GCC_WARN_UNUSED_FUNCTION = YES;
				GCC_WARN_UNUSED_VARIABLE = YES;
				IPHONEOS_DEPLOYMENT_TARGET = 15.4;
				MTL_ENABLE_DEBUG_INFO = INCLUDE_SOURCE;
				MTL_FAST_MATH = YES;
				ONLY_ACTIVE_ARCH = YES;
				SDKROOT = iphoneos;
				SWIFT_ACTIVE_COMPILATION_CONDITIONS = DEBUG;
				SWIFT_OPTIMIZATION_LEVEL = "-Onone";
			};
			name = Debug;
		};
		3DCB70E627E7D5CF007733F0 /* Release */ = {
			isa = XCBuildConfiguration;
			buildSettings = {
				ALWAYS_SEARCH_USER_PATHS = NO;
				CLANG_ANALYZER_NONNULL = YES;
				CLANG_ANALYZER_NUMBER_OBJECT_CONVERSION = YES_AGGRESSIVE;
				CLANG_CXX_LANGUAGE_STANDARD = "gnu++17";
				CLANG_ENABLE_MODULES = YES;
				CLANG_ENABLE_OBJC_ARC = YES;
				CLANG_ENABLE_OBJC_WEAK = YES;
				CLANG_WARN_BLOCK_CAPTURE_AUTORELEASING = YES;
				CLANG_WARN_BOOL_CONVERSION = YES;
				CLANG_WARN_COMMA = YES;
				CLANG_WARN_CONSTANT_CONVERSION = YES;
				CLANG_WARN_DEPRECATED_OBJC_IMPLEMENTATIONS = YES;
				CLANG_WARN_DIRECT_OBJC_ISA_USAGE = YES_ERROR;
				CLANG_WARN_DOCUMENTATION_COMMENTS = YES;
				CLANG_WARN_EMPTY_BODY = YES;
				CLANG_WARN_ENUM_CONVERSION = YES;
				CLANG_WARN_INFINITE_RECURSION = YES;
				CLANG_WARN_INT_CONVERSION = YES;
				CLANG_WARN_NON_LITERAL_NULL_CONVERSION = YES;
				CLANG_WARN_OBJC_IMPLICIT_RETAIN_SELF = YES;
				CLANG_WARN_OBJC_LITERAL_CONVERSION = YES;
				CLANG_WARN_OBJC_ROOT_CLASS = YES_ERROR;
				CLANG_WARN_QUOTED_INCLUDE_IN_FRAMEWORK_HEADER = YES;
				CLANG_WARN_RANGE_LOOP_ANALYSIS = YES;
				CLANG_WARN_STRICT_PROTOTYPES = YES;
				CLANG_WARN_SUSPICIOUS_MOVE = YES;
				CLANG_WARN_UNGUARDED_AVAILABILITY = YES_AGGRESSIVE;
				CLANG_WARN_UNREACHABLE_CODE = YES;
				CLANG_WARN__DUPLICATE_METHOD_MATCH = YES;
				COPY_PHASE_STRIP = NO;
				DEBUG_INFORMATION_FORMAT = "dwarf-with-dsym";
				ENABLE_NS_ASSERTIONS = NO;
				ENABLE_STRICT_OBJC_MSGSEND = YES;
				GCC_C_LANGUAGE_STANDARD = gnu11;
				GCC_NO_COMMON_BLOCKS = YES;
				GCC_WARN_64_TO_32_BIT_CONVERSION = YES;
				GCC_WARN_ABOUT_RETURN_TYPE = YES_ERROR;
				GCC_WARN_UNDECLARED_SELECTOR = YES;
				GCC_WARN_UNINITIALIZED_AUTOS = YES_AGGRESSIVE;
				GCC_WARN_UNUSED_FUNCTION = YES;
				GCC_WARN_UNUSED_VARIABLE = YES;
				IPHONEOS_DEPLOYMENT_TARGET = 15.4;
				MTL_ENABLE_DEBUG_INFO = NO;
				MTL_FAST_MATH = YES;
				SDKROOT = iphoneos;
				SWIFT_COMPILATION_MODE = wholemodule;
				SWIFT_OPTIMIZATION_LEVEL = "-O";
				VALIDATE_PRODUCT = YES;
			};
			name = Release;
		};
		3DCB70E827E7D5CF007733F0 /* Debug */ = {
			isa = XCBuildConfiguration;
			buildSettings = {
				ASSETCATALOG_COMPILER_APPICON_NAME = AppIcon;
				ASSETCATALOG_COMPILER_GLOBAL_ACCENT_COLOR_NAME = AccentColor;
				CODE_SIGN_STYLE = Automatic;
				CURRENT_PROJECT_VERSION = 1;
				DEVELOPMENT_TEAM = 69NF9FZMHT;
				GENERATE_INFOPLIST_FILE = YES;
				INFOPLIST_FILE = bankey/Info.plist;
				INFOPLIST_KEY_UIApplicationSupportsIndirectInputEvents = YES;
				INFOPLIST_KEY_UILaunchStoryboardName = LaunchScreen;
				INFOPLIST_KEY_UISupportedInterfaceOrientations_iPad = "UIInterfaceOrientationPortrait UIInterfaceOrientationPortraitUpsideDown UIInterfaceOrientationLandscapeLeft UIInterfaceOrientationLandscapeRight";
				INFOPLIST_KEY_UISupportedInterfaceOrientations_iPhone = "UIInterfaceOrientationPortrait UIInterfaceOrientationLandscapeLeft UIInterfaceOrientationLandscapeRight";
				LD_RUNPATH_SEARCH_PATHS = (
					"$(inherited)",
					"@executable_path/Frameworks",
				);
				MARKETING_VERSION = 1.0;
				PRODUCT_BUNDLE_IDENTIFIER = com.guirra.bankey;
				PRODUCT_NAME = "$(TARGET_NAME)";
				SWIFT_EMIT_LOC_STRINGS = YES;
				SWIFT_VERSION = 5.0;
				TARGETED_DEVICE_FAMILY = "1,2";
			};
			name = Debug;
		};
		3DCB70E927E7D5CF007733F0 /* Release */ = {
			isa = XCBuildConfiguration;
			buildSettings = {
				ASSETCATALOG_COMPILER_APPICON_NAME = AppIcon;
				ASSETCATALOG_COMPILER_GLOBAL_ACCENT_COLOR_NAME = AccentColor;
				CODE_SIGN_STYLE = Automatic;
				CURRENT_PROJECT_VERSION = 1;
				DEVELOPMENT_TEAM = 69NF9FZMHT;
				GENERATE_INFOPLIST_FILE = YES;
				INFOPLIST_FILE = bankey/Info.plist;
				INFOPLIST_KEY_UIApplicationSupportsIndirectInputEvents = YES;
				INFOPLIST_KEY_UILaunchStoryboardName = LaunchScreen;
				INFOPLIST_KEY_UISupportedInterfaceOrientations_iPad = "UIInterfaceOrientationPortrait UIInterfaceOrientationPortraitUpsideDown UIInterfaceOrientationLandscapeLeft UIInterfaceOrientationLandscapeRight";
				INFOPLIST_KEY_UISupportedInterfaceOrientations_iPhone = "UIInterfaceOrientationPortrait UIInterfaceOrientationLandscapeLeft UIInterfaceOrientationLandscapeRight";
				LD_RUNPATH_SEARCH_PATHS = (
					"$(inherited)",
					"@executable_path/Frameworks",
				);
				MARKETING_VERSION = 1.0;
				PRODUCT_BUNDLE_IDENTIFIER = com.guirra.bankey;
				PRODUCT_NAME = "$(TARGET_NAME)";
				SWIFT_EMIT_LOC_STRINGS = YES;
				SWIFT_VERSION = 5.0;
				TARGETED_DEVICE_FAMILY = "1,2";
			};
			name = Release;
		};
		3DCC31F427F1E34300741653 /* Debug */ = {
			isa = XCBuildConfiguration;
			buildSettings = {
				BUNDLE_LOADER = "$(TEST_HOST)";
				CLANG_ENABLE_MODULES = YES;
				CODE_SIGN_STYLE = Automatic;
				CURRENT_PROJECT_VERSION = 1;
				DEVELOPMENT_TEAM = 69NF9FZMHT;
				GENERATE_INFOPLIST_FILE = YES;
				LD_RUNPATH_SEARCH_PATHS = (
					"$(inherited)",
					"@executable_path/Frameworks",
					"@loader_path/Frameworks",
				);
				MARKETING_VERSION = 1.0;
				PRODUCT_BUNDLE_IDENTIFIER = com.guirra.bankeyUnitTests;
				PRODUCT_NAME = "$(TARGET_NAME)";
				SWIFT_EMIT_LOC_STRINGS = NO;
				SWIFT_OPTIMIZATION_LEVEL = "-Onone";
				SWIFT_VERSION = 5.0;
				TARGETED_DEVICE_FAMILY = "1,2";
				TEST_HOST = "$(BUILT_PRODUCTS_DIR)/bankey.app/bankey";
			};
			name = Debug;
		};
		3DCC31F527F1E34300741653 /* Release */ = {
			isa = XCBuildConfiguration;
			buildSettings = {
				BUNDLE_LOADER = "$(TEST_HOST)";
				CLANG_ENABLE_MODULES = YES;
				CODE_SIGN_STYLE = Automatic;
				CURRENT_PROJECT_VERSION = 1;
				DEVELOPMENT_TEAM = 69NF9FZMHT;
				GENERATE_INFOPLIST_FILE = YES;
				LD_RUNPATH_SEARCH_PATHS = (
					"$(inherited)",
					"@executable_path/Frameworks",
					"@loader_path/Frameworks",
				);
				MARKETING_VERSION = 1.0;
				PRODUCT_BUNDLE_IDENTIFIER = com.guirra.bankeyUnitTests;
				PRODUCT_NAME = "$(TARGET_NAME)";
				SWIFT_EMIT_LOC_STRINGS = NO;
				SWIFT_VERSION = 5.0;
				TARGETED_DEVICE_FAMILY = "1,2";
				TEST_HOST = "$(BUILT_PRODUCTS_DIR)/bankey.app/bankey";
			};
			name = Release;
		};
/* End XCBuildConfiguration section */

/* Begin XCConfigurationList section */
		3DCB70CE27E7D5CE007733F0 /* Build configuration list for PBXProject "bankey" */ = {
			isa = XCConfigurationList;
			buildConfigurations = (
				3DCB70E527E7D5CF007733F0 /* Debug */,
				3DCB70E627E7D5CF007733F0 /* Release */,
			);
			defaultConfigurationIsVisible = 0;
			defaultConfigurationName = Release;
		};
		3DCB70E727E7D5CF007733F0 /* Build configuration list for PBXNativeTarget "bankey" */ = {
			isa = XCConfigurationList;
			buildConfigurations = (
				3DCB70E827E7D5CF007733F0 /* Debug */,
				3DCB70E927E7D5CF007733F0 /* Release */,
			);
			defaultConfigurationIsVisible = 0;
			defaultConfigurationName = Release;
		};
		3DCC31F627F1E34300741653 /* Build configuration list for PBXNativeTarget "bankeyUnitTests" */ = {
			isa = XCConfigurationList;
			buildConfigurations = (
				3DCC31F427F1E34300741653 /* Debug */,
				3DCC31F527F1E34300741653 /* Release */,
			);
			defaultConfigurationIsVisible = 0;
			defaultConfigurationName = Release;
		};
/* End XCConfigurationList section */
	};
	rootObject = 3DCB70CB27E7D5CE007733F0 /* Project object */;
}
